# This file is autogenerated, do not edit; changes may be undone by the next 'dep ensure'.


[[projects]]
  name = "github.com/artyom/autoflags"
  packages = ["."]
  revision = "250b3e94f14844d446437ad18b81f34f1ba5e5cf"
  version = "v1.1.0"

[[projects]]
  branch = "master"
  name = "github.com/artyom/buffering"
  packages = ["."]
  revision = "33166530edfb9ed321b37b8b709f7fbe6a4c4b1a"

[solve-meta]
  analyzer-name = "dep"
  analyzer-version = 1
  inputs-digest = "1ca8171851d03b19b0459d94a6fee8bfe208121b2be606a1d1248f4f04798f98"
  solver-name = "gps-cdcl"
  solver-version = 1
