# This file is autogenerated, do not edit; changes may be undone by the next 'dep ensure'.


[[projects]]
  name = "github.com/artyom/autoflags"
  packages = ["."]
  revision = "250b3e94f14844d446437ad18b81f34f1ba5e5cf"
  version = "v1.1.0"

[[projects]]
  branch = "master"
  name = "github.com/artyom/buffering"
  packages = ["."]
  revision = "33166530edfb9ed321b37b8b709f7fbe6a4c4b1a"

[[projects]]
  branch = "master"
  name = "github.com/artyom/bytesize"
  packages = ["."]
  revision = "c9e755de133005c624ddcdeda6e043906fb8f705"

[[projects]]
  branch = "master"
  name = "github.com/artyom/exitstatus"
  packages = ["."]
  revision = "0a657065c12f646465c40a40a1a887318dedface"

[[projects]]
  branch = "master"
  name = "golang.org/x/net"
  packages = ["html","html/atom","html/charset"]
  revision = "859d1a86bb617c0c20d154590c3c5d3fcb670b07"

[[projects]]
  branch = "master"
  name = "golang.org/x/text"
  packages = ["encoding","encoding/charmap","encoding/htmlindex","encoding/internal","encoding/internal/identifier","encoding/japanese","encoding/korean","encoding/simplifiedchinese","encoding/traditionalchinese","encoding/unicode","internal/gen","internal/tag","internal/utf8internal","language","runes","transform","unicode/cldr"]
  revision = "ab5ac5f9a8deb4855a60fab02bc61a4ec770bd49"

[solve-meta]
  analyzer-name = "dep"
  analyzer-version = 1
  inputs-digest = "02c4d71e5d5462b1f98b952f79155ce8298db82333043e1bbf736aaad84ce570"
  solver-name = "gps-cdcl"
  solver-version = 1
